// !$*UTF8*$!
{
	archiveVersion = 1;
	classes = {
	};
	objectVersion = 50;
	objects = {

/* Begin PBXBuildFile section */
		2349FD5B261E4F6900A1FEAA /* CodingChallengeApp.swift in Sources */ = {isa = PBXBuildFile; fileRef = 2349FD5A261E4F6900A1FEAA /* CodingChallengeApp.swift */; };
		2349FD5F261E4F6A00A1FEAA /* Assets.xcassets in Resources */ = {isa = PBXBuildFile; fileRef = 2349FD5E261E4F6A00A1FEAA /* Assets.xcassets */; };
		2349FD62261E4F6A00A1FEAA /* Preview Assets.xcassets in Resources */ = {isa = PBXBuildFile; fileRef = 2349FD61261E4F6A00A1FEAA /* Preview Assets.xcassets */; };
		2349FD6D261E4F6A00A1FEAA /* CodingChallengeTests.swift in Sources */ = {isa = PBXBuildFile; fileRef = 2349FD6C261E4F6A00A1FEAA /* CodingChallengeTests.swift */; };
		2349FD78261E4F6A00A1FEAA /* CodingChallengeUITests.swift in Sources */ = {isa = PBXBuildFile; fileRef = 2349FD77261E4F6A00A1FEAA /* CodingChallengeUITests.swift */; };
		2349FD89261E4F9900A1FEAA /* ShiftsView.swift in Sources */ = {isa = PBXBuildFile; fileRef = 2349FD88261E4F9900A1FEAA /* ShiftsView.swift */; };
		9C4486DC27A5DEDF0098A0B0 /* NetworkManager.swift in Sources */ = {isa = PBXBuildFile; fileRef = 9C4486DB27A5DEDF0098A0B0 /* NetworkManager.swift */; };
		9C4486DE27A5E2830098A0B0 /* DataProvider.swift in Sources */ = {isa = PBXBuildFile; fileRef = 9C4486DD27A5E2820098A0B0 /* DataProvider.swift */; };
		9C4486E527A758630098A0B0 /* ShiftsListCell.swift in Sources */ = {isa = PBXBuildFile; fileRef = 9C4486E427A758630098A0B0 /* ShiftsListCell.swift */; };
		9C4486E727A888B30098A0B0 /* ShiftListHeaderView.swift in Sources */ = {isa = PBXBuildFile; fileRef = 9C4486E627A888B30098A0B0 /* ShiftListHeaderView.swift */; };
		9C4486E927A8899F0098A0B0 /* NoAvailableShiftsView.swift in Sources */ = {isa = PBXBuildFile; fileRef = 9C4486E827A8899F0098A0B0 /* NoAvailableShiftsView.swift */; };
		9C4486EB27A88AAE0098A0B0 /* FetchingInProgressView.swift in Sources */ = {isa = PBXBuildFile; fileRef = 9C4486EA27A88AAE0098A0B0 /* FetchingInProgressView.swift */; };
		9C4486EF27A8A69D0098A0B0 /* ShiftDetailsView.swift in Sources */ = {isa = PBXBuildFile; fileRef = 9C4486EE27A8A69D0098A0B0 /* ShiftDetailsView.swift */; };
		9C4486F327A8B3660098A0B0 /* ShiftDescriptionRow.swift in Sources */ = {isa = PBXBuildFile; fileRef = 9C4486F227A8B3660098A0B0 /* ShiftDescriptionRow.swift */; };
		9C4486F527A8C0A20098A0B0 /* MapView.swift in Sources */ = {isa = PBXBuildFile; fileRef = 9C4486F427A8C0A20098A0B0 /* MapView.swift */; };
		9C4486F827AA11370098A0B0 /* AvailableShiftFilter.swift in Sources */ = {isa = PBXBuildFile; fileRef = 9C4486F727AA11370098A0B0 /* AvailableShiftFilter.swift */; };
		9C4486FB27AA117E0098A0B0 /* Date+Ext.swift in Sources */ = {isa = PBXBuildFile; fileRef = 9C4486FA27AA117E0098A0B0 /* Date+Ext.swift */; };
		9C4486FD27AA11960098A0B0 /* String+Ext.swift in Sources */ = {isa = PBXBuildFile; fileRef = 9C4486FC27AA11960098A0B0 /* String+Ext.swift */; };
		9C44870227AA17F00098A0B0 /* ShiftType.swift in Sources */ = {isa = PBXBuildFile; fileRef = 9C44870127AA17F00098A0B0 /* ShiftType.swift */; };
		9C44870527AA18390098A0B0 /* Request.swift in Sources */ = {isa = PBXBuildFile; fileRef = 9C44870427AA18390098A0B0 /* Request.swift */; };
		9C44870727AA185F0098A0B0 /* AvailableShiftsRequest.swift in Sources */ = {isa = PBXBuildFile; fileRef = 9C44870627AA185F0098A0B0 /* AvailableShiftsRequest.swift */; };
		9C44870927AA187B0098A0B0 /* NetworkError.swift in Sources */ = {isa = PBXBuildFile; fileRef = 9C44870827AA187B0098A0B0 /* NetworkError.swift */; };
		9C44870D27AA193A0098A0B0 /* Response.swift in Sources */ = {isa = PBXBuildFile; fileRef = 9C44870C27AA193A0098A0B0 /* Response.swift */; };
		9C44871027AA19650098A0B0 /* AvailableShiftsResponse.swift in Sources */ = {isa = PBXBuildFile; fileRef = 9C44870F27AA19650098A0B0 /* AvailableShiftsResponse.swift */; };
		9C44871227AA19810098A0B0 /* AvailableShiftsDay.swift in Sources */ = {isa = PBXBuildFile; fileRef = 9C44871127AA19810098A0B0 /* AvailableShiftsDay.swift */; };
		9C44871427AA199A0098A0B0 /* AvailableShiftsMeta.swift in Sources */ = {isa = PBXBuildFile; fileRef = 9C44871327AA199A0098A0B0 /* AvailableShiftsMeta.swift */; };
		9C44871627AA19AE0098A0B0 /* AvailableShift.swift in Sources */ = {isa = PBXBuildFile; fileRef = 9C44871527AA19AE0098A0B0 /* AvailableShift.swift */; };
		9C44871827AA19EE0098A0B0 /* Color+Ext.swift in Sources */ = {isa = PBXBuildFile; fileRef = 9C44871727AA19EE0098A0B0 /* Color+Ext.swift */; };
		9C44871A27AA1A210098A0B0 /* Blur.swift in Sources */ = {isa = PBXBuildFile; fileRef = 9C44871927AA1A210098A0B0 /* Blur.swift */; };
		9C44871C27AA1A820098A0B0 /* Counter.swift in Sources */ = {isa = PBXBuildFile; fileRef = 9C44871B27AA1A820098A0B0 /* Counter.swift */; };
/* End PBXBuildFile section */

/* Begin PBXContainerItemProxy section */
		2349FD69261E4F6A00A1FEAA /* PBXContainerItemProxy */ = {
			isa = PBXContainerItemProxy;
			containerPortal = 2349FD4F261E4F6900A1FEAA /* Project object */;
			proxyType = 1;
			remoteGlobalIDString = 2349FD56261E4F6900A1FEAA;
			remoteInfo = CodingChallenge;
		};
		2349FD74261E4F6A00A1FEAA /* PBXContainerItemProxy */ = {
			isa = PBXContainerItemProxy;
			containerPortal = 2349FD4F261E4F6900A1FEAA /* Project object */;
			proxyType = 1;
			remoteGlobalIDString = 2349FD56261E4F6900A1FEAA;
			remoteInfo = CodingChallenge;
		};
/* End PBXContainerItemProxy section */

/* Begin PBXFileReference section */
		2349FD57261E4F6900A1FEAA /* CodingChallenge.app */ = {isa = PBXFileReference; explicitFileType = wrapper.application; includeInIndex = 0; path = CodingChallenge.app; sourceTree = BUILT_PRODUCTS_DIR; };
		2349FD5A261E4F6900A1FEAA /* CodingChallengeApp.swift */ = {isa = PBXFileReference; lastKnownFileType = sourcecode.swift; path = CodingChallengeApp.swift; sourceTree = "<group>"; };
		2349FD5E261E4F6A00A1FEAA /* Assets.xcassets */ = {isa = PBXFileReference; lastKnownFileType = folder.assetcatalog; path = Assets.xcassets; sourceTree = "<group>"; };
		2349FD61261E4F6A00A1FEAA /* Preview Assets.xcassets */ = {isa = PBXFileReference; lastKnownFileType = folder.assetcatalog; path = "Preview Assets.xcassets"; sourceTree = "<group>"; };
		2349FD63261E4F6A00A1FEAA /* Info.plist */ = {isa = PBXFileReference; lastKnownFileType = text.plist.xml; path = Info.plist; sourceTree = "<group>"; };
		2349FD68261E4F6A00A1FEAA /* CodingChallengeTests.xctest */ = {isa = PBXFileReference; explicitFileType = wrapper.cfbundle; includeInIndex = 0; path = CodingChallengeTests.xctest; sourceTree = BUILT_PRODUCTS_DIR; };
		2349FD6C261E4F6A00A1FEAA /* CodingChallengeTests.swift */ = {isa = PBXFileReference; lastKnownFileType = sourcecode.swift; path = CodingChallengeTests.swift; sourceTree = "<group>"; };
		2349FD6E261E4F6A00A1FEAA /* Info.plist */ = {isa = PBXFileReference; lastKnownFileType = text.plist.xml; path = Info.plist; sourceTree = "<group>"; };
		2349FD73261E4F6A00A1FEAA /* CodingChallengeUITests.xctest */ = {isa = PBXFileReference; explicitFileType = wrapper.cfbundle; includeInIndex = 0; path = CodingChallengeUITests.xctest; sourceTree = BUILT_PRODUCTS_DIR; };
		2349FD77261E4F6A00A1FEAA /* CodingChallengeUITests.swift */ = {isa = PBXFileReference; lastKnownFileType = sourcecode.swift; path = CodingChallengeUITests.swift; sourceTree = "<group>"; };
		2349FD79261E4F6A00A1FEAA /* Info.plist */ = {isa = PBXFileReference; lastKnownFileType = text.plist.xml; path = Info.plist; sourceTree = "<group>"; };
		2349FD88261E4F9900A1FEAA /* ShiftsView.swift */ = {isa = PBXFileReference; lastKnownFileType = sourcecode.swift; path = ShiftsView.swift; sourceTree = "<group>"; };
		9C4486DB27A5DEDF0098A0B0 /* NetworkManager.swift */ = {isa = PBXFileReference; lastKnownFileType = sourcecode.swift; path = NetworkManager.swift; sourceTree = "<group>"; };
		9C4486DD27A5E2820098A0B0 /* DataProvider.swift */ = {isa = PBXFileReference; lastKnownFileType = sourcecode.swift; path = DataProvider.swift; sourceTree = "<group>"; };
		9C4486E427A758630098A0B0 /* ShiftsListCell.swift */ = {isa = PBXFileReference; lastKnownFileType = sourcecode.swift; path = ShiftsListCell.swift; sourceTree = "<group>"; };
		9C4486E627A888B30098A0B0 /* ShiftListHeaderView.swift */ = {isa = PBXFileReference; lastKnownFileType = sourcecode.swift; path = ShiftListHeaderView.swift; sourceTree = "<group>"; };
		9C4486E827A8899F0098A0B0 /* NoAvailableShiftsView.swift */ = {isa = PBXFileReference; lastKnownFileType = sourcecode.swift; path = NoAvailableShiftsView.swift; sourceTree = "<group>"; };
		9C4486EA27A88AAE0098A0B0 /* FetchingInProgressView.swift */ = {isa = PBXFileReference; lastKnownFileType = sourcecode.swift; path = FetchingInProgressView.swift; sourceTree = "<group>"; };
		9C4486EE27A8A69D0098A0B0 /* ShiftDetailsView.swift */ = {isa = PBXFileReference; lastKnownFileType = sourcecode.swift; path = ShiftDetailsView.swift; sourceTree = "<group>"; };
		9C4486F227A8B3660098A0B0 /* ShiftDescriptionRow.swift */ = {isa = PBXFileReference; lastKnownFileType = sourcecode.swift; path = ShiftDescriptionRow.swift; sourceTree = "<group>"; };
		9C4486F427A8C0A20098A0B0 /* MapView.swift */ = {isa = PBXFileReference; lastKnownFileType = sourcecode.swift; path = MapView.swift; sourceTree = "<group>"; };
		9C4486F727AA11370098A0B0 /* AvailableShiftFilter.swift */ = {isa = PBXFileReference; lastKnownFileType = sourcecode.swift; path = AvailableShiftFilter.swift; sourceTree = "<group>"; };
		9C4486FA27AA117E0098A0B0 /* Date+Ext.swift */ = {isa = PBXFileReference; lastKnownFileType = sourcecode.swift; path = "Date+Ext.swift"; sourceTree = "<group>"; };
		9C4486FC27AA11960098A0B0 /* String+Ext.swift */ = {isa = PBXFileReference; lastKnownFileType = sourcecode.swift; path = "String+Ext.swift"; sourceTree = "<group>"; };
		9C44870127AA17F00098A0B0 /* ShiftType.swift */ = {isa = PBXFileReference; lastKnownFileType = sourcecode.swift; path = ShiftType.swift; sourceTree = "<group>"; };
		9C44870427AA18390098A0B0 /* Request.swift */ = {isa = PBXFileReference; lastKnownFileType = sourcecode.swift; path = Request.swift; sourceTree = "<group>"; };
		9C44870627AA185F0098A0B0 /* AvailableShiftsRequest.swift */ = {isa = PBXFileReference; lastKnownFileType = sourcecode.swift; path = AvailableShiftsRequest.swift; sourceTree = "<group>"; };
		9C44870827AA187B0098A0B0 /* NetworkError.swift */ = {isa = PBXFileReference; lastKnownFileType = sourcecode.swift; path = NetworkError.swift; sourceTree = "<group>"; };
		9C44870C27AA193A0098A0B0 /* Response.swift */ = {isa = PBXFileReference; lastKnownFileType = sourcecode.swift; path = Response.swift; sourceTree = "<group>"; };
		9C44870F27AA19650098A0B0 /* AvailableShiftsResponse.swift */ = {isa = PBXFileReference; lastKnownFileType = sourcecode.swift; path = AvailableShiftsResponse.swift; sourceTree = "<group>"; };
		9C44871127AA19810098A0B0 /* AvailableShiftsDay.swift */ = {isa = PBXFileReference; lastKnownFileType = sourcecode.swift; path = AvailableShiftsDay.swift; sourceTree = "<group>"; };
		9C44871327AA199A0098A0B0 /* AvailableShiftsMeta.swift */ = {isa = PBXFileReference; lastKnownFileType = sourcecode.swift; path = AvailableShiftsMeta.swift; sourceTree = "<group>"; };
		9C44871527AA19AE0098A0B0 /* AvailableShift.swift */ = {isa = PBXFileReference; lastKnownFileType = sourcecode.swift; path = AvailableShift.swift; sourceTree = "<group>"; };
		9C44871727AA19EE0098A0B0 /* Color+Ext.swift */ = {isa = PBXFileReference; lastKnownFileType = sourcecode.swift; path = "Color+Ext.swift"; sourceTree = "<group>"; };
		9C44871927AA1A210098A0B0 /* Blur.swift */ = {isa = PBXFileReference; lastKnownFileType = sourcecode.swift; path = Blur.swift; sourceTree = "<group>"; };
		9C44871B27AA1A820098A0B0 /* Counter.swift */ = {isa = PBXFileReference; lastKnownFileType = sourcecode.swift; path = Counter.swift; sourceTree = "<group>"; };
/* End PBXFileReference section */

/* Begin PBXFrameworksBuildPhase section */
		2349FD54261E4F6900A1FEAA /* Frameworks */ = {
			isa = PBXFrameworksBuildPhase;
			buildActionMask = 2147483647;
			files = (
			);
			runOnlyForDeploymentPostprocessing = 0;
		};
		2349FD65261E4F6A00A1FEAA /* Frameworks */ = {
			isa = PBXFrameworksBuildPhase;
			buildActionMask = 2147483647;
			files = (
			);
			runOnlyForDeploymentPostprocessing = 0;
		};
		2349FD70261E4F6A00A1FEAA /* Frameworks */ = {
			isa = PBXFrameworksBuildPhase;
			buildActionMask = 2147483647;
			files = (
			);
			runOnlyForDeploymentPostprocessing = 0;
		};
/* End PBXFrameworksBuildPhase section */

/* Begin PBXGroup section */
		2349FD4E261E4F6900A1FEAA = {
			isa = PBXGroup;
			children = (
				2349FD59261E4F6900A1FEAA /* CodingChallenge */,
				2349FD6B261E4F6A00A1FEAA /* CodingChallengeTests */,
				2349FD76261E4F6A00A1FEAA /* CodingChallengeUITests */,
				2349FD58261E4F6900A1FEAA /* Products */,
			);
			sourceTree = "<group>";
		};
		2349FD58261E4F6900A1FEAA /* Products */ = {
			isa = PBXGroup;
			children = (
				2349FD57261E4F6900A1FEAA /* CodingChallenge.app */,
				2349FD68261E4F6A00A1FEAA /* CodingChallengeTests.xctest */,
				2349FD73261E4F6A00A1FEAA /* CodingChallengeUITests.xctest */,
			);
			name = Products;
			sourceTree = "<group>";
		};
		2349FD59261E4F6900A1FEAA /* CodingChallenge */ = {
			isa = PBXGroup;
			children = (
				2349FD5A261E4F6900A1FEAA /* CodingChallengeApp.swift */,
				9C4486E327A7583E0098A0B0 /* Views */,
				9C4486F627AA11080098A0B0 /* DataProvider */,
				9C44870027AA177F0098A0B0 /* Networking */,
				9C44870B27AA18E80098A0B0 /* Responses */,
				9C4486F927AA11720098A0B0 /* Helpers */,
				2349FD5E261E4F6A00A1FEAA /* Assets.xcassets */,
				2349FD63261E4F6A00A1FEAA /* Info.plist */,
				2349FD60261E4F6A00A1FEAA /* Preview Content */,
			);
			path = CodingChallenge;
			sourceTree = "<group>";
		};
		2349FD60261E4F6A00A1FEAA /* Preview Content */ = {
			isa = PBXGroup;
			children = (
				2349FD61261E4F6A00A1FEAA /* Preview Assets.xcassets */,
			);
			path = "Preview Content";
			sourceTree = "<group>";
		};
		2349FD6B261E4F6A00A1FEAA /* CodingChallengeTests */ = {
			isa = PBXGroup;
			children = (
				2349FD6C261E4F6A00A1FEAA /* CodingChallengeTests.swift */,
				2349FD6E261E4F6A00A1FEAA /* Info.plist */,
			);
			path = CodingChallengeTests;
			sourceTree = "<group>";
		};
		2349FD76261E4F6A00A1FEAA /* CodingChallengeUITests */ = {
			isa = PBXGroup;
			children = (
				2349FD77261E4F6A00A1FEAA /* CodingChallengeUITests.swift */,
				2349FD79261E4F6A00A1FEAA /* Info.plist */,
			);
			path = CodingChallengeUITests;
			sourceTree = "<group>";
		};
		9C4486E327A7583E0098A0B0 /* Views */ = {
			isa = PBXGroup;
			children = (
				9C4486FE27AA15670098A0B0 /* ShiftsList */,
				9C4486FF27AA15830098A0B0 /* ShiftDetails */,
			);
			path = Views;
			sourceTree = "<group>";
		};
		9C4486F627AA11080098A0B0 /* DataProvider */ = {
			isa = PBXGroup;
			children = (
				9C4486F727AA11370098A0B0 /* AvailableShiftFilter.swift */,
				9C4486DD27A5E2820098A0B0 /* DataProvider.swift */,
			);
			path = DataProvider;
			sourceTree = "<group>";
		};
		9C4486F927AA11720098A0B0 /* Helpers */ = {
			isa = PBXGroup;
			children = (
				9C4486FA27AA117E0098A0B0 /* Date+Ext.swift */,
				9C4486FC27AA11960098A0B0 /* String+Ext.swift */,
				9C44871727AA19EE0098A0B0 /* Color+Ext.swift */,
				9C44871927AA1A210098A0B0 /* Blur.swift */,
				9C44871B27AA1A820098A0B0 /* Counter.swift */,
			);
			path = Helpers;
			sourceTree = "<group>";
		};
		9C4486FE27AA15670098A0B0 /* ShiftsList */ = {
			isa = PBXGroup;
			children = (
				2349FD88261E4F9900A1FEAA /* ShiftsView.swift */,
				9C4486E427A758630098A0B0 /* ShiftsListCell.swift */,
				9C4486E627A888B30098A0B0 /* ShiftListHeaderView.swift */,
				9C4486E827A8899F0098A0B0 /* NoAvailableShiftsView.swift */,
				9C4486EA27A88AAE0098A0B0 /* FetchingInProgressView.swift */,
			);
			path = ShiftsList;
			sourceTree = "<group>";
		};
		9C4486FF27AA15830098A0B0 /* ShiftDetails */ = {
			isa = PBXGroup;
			children = (
				9C4486EE27A8A69D0098A0B0 /* ShiftDetailsView.swift */,
				9C4486F227A8B3660098A0B0 /* ShiftDescriptionRow.swift */,
				9C4486F427A8C0A20098A0B0 /* MapView.swift */,
			);
			path = ShiftDetails;
			sourceTree = "<group>";
		};
		9C44870027AA177F0098A0B0 /* Networking */ = {
			isa = PBXGroup;
			children = (
				9C4486DB27A5DEDF0098A0B0 /* NetworkManager.swift */,
				9C44870827AA187B0098A0B0 /* NetworkError.swift */,
				9C44870127AA17F00098A0B0 /* ShiftType.swift */,
				9C44870327AA18220098A0B0 /* Requests */,
			);
			path = Networking;
			sourceTree = "<group>";
		};
		9C44870327AA18220098A0B0 /* Requests */ = {
			isa = PBXGroup;
			children = (
				9C44870427AA18390098A0B0 /* Request.swift */,
				9C44870627AA185F0098A0B0 /* AvailableShiftsRequest.swift */,
			);
			path = Requests;
			sourceTree = "<group>";
		};
		9C44870B27AA18E80098A0B0 /* Responses */ = {
			isa = PBXGroup;
			children = (
				9C44870C27AA193A0098A0B0 /* Response.swift */,
				9C44870F27AA19650098A0B0 /* AvailableShiftsResponse.swift */,
				9C44870E27AA19510098A0B0 /* Models */,
			);
			path = Responses;
			sourceTree = "<group>";
		};
		9C44870E27AA19510098A0B0 /* Models */ = {
			isa = PBXGroup;
			children = (
				9C44871127AA19810098A0B0 /* AvailableShiftsDay.swift */,
				9C44871327AA199A0098A0B0 /* AvailableShiftsMeta.swift */,
				9C44871527AA19AE0098A0B0 /* AvailableShift.swift */,
			);
			path = Models;
			sourceTree = "<group>";
		};
/* End PBXGroup section */

/* Begin PBXNativeTarget section */
		2349FD56261E4F6900A1FEAA /* CodingChallenge */ = {
			isa = PBXNativeTarget;
			buildConfigurationList = 2349FD7C261E4F6A00A1FEAA /* Build configuration list for PBXNativeTarget "CodingChallenge" */;
			buildPhases = (
				2349FD53261E4F6900A1FEAA /* Sources */,
				2349FD54261E4F6900A1FEAA /* Frameworks */,
				2349FD55261E4F6900A1FEAA /* Resources */,
			);
			buildRules = (
			);
			dependencies = (
			);
			name = CodingChallenge;
			productName = CodingChallenge;
			productReference = 2349FD57261E4F6900A1FEAA /* CodingChallenge.app */;
			productType = "com.apple.product-type.application";
		};
		2349FD67261E4F6A00A1FEAA /* CodingChallengeTests */ = {
			isa = PBXNativeTarget;
			buildConfigurationList = 2349FD7F261E4F6A00A1FEAA /* Build configuration list for PBXNativeTarget "CodingChallengeTests" */;
			buildPhases = (
				2349FD64261E4F6A00A1FEAA /* Sources */,
				2349FD65261E4F6A00A1FEAA /* Frameworks */,
				2349FD66261E4F6A00A1FEAA /* Resources */,
			);
			buildRules = (
			);
			dependencies = (
				2349FD6A261E4F6A00A1FEAA /* PBXTargetDependency */,
			);
			name = CodingChallengeTests;
			productName = CodingChallengeTests;
			productReference = 2349FD68261E4F6A00A1FEAA /* CodingChallengeTests.xctest */;
			productType = "com.apple.product-type.bundle.unit-test";
		};
		2349FD72261E4F6A00A1FEAA /* CodingChallengeUITests */ = {
			isa = PBXNativeTarget;
			buildConfigurationList = 2349FD82261E4F6A00A1FEAA /* Build configuration list for PBXNativeTarget "CodingChallengeUITests" */;
			buildPhases = (
				2349FD6F261E4F6A00A1FEAA /* Sources */,
				2349FD70261E4F6A00A1FEAA /* Frameworks */,
				2349FD71261E4F6A00A1FEAA /* Resources */,
			);
			buildRules = (
			);
			dependencies = (
				2349FD75261E4F6A00A1FEAA /* PBXTargetDependency */,
			);
			name = CodingChallengeUITests;
			productName = CodingChallengeUITests;
			productReference = 2349FD73261E4F6A00A1FEAA /* CodingChallengeUITests.xctest */;
			productType = "com.apple.product-type.bundle.ui-testing";
		};
/* End PBXNativeTarget section */

/* Begin PBXProject section */
		2349FD4F261E4F6900A1FEAA /* Project object */ = {
			isa = PBXProject;
			attributes = {
				LastSwiftUpdateCheck = 1240;
				LastUpgradeCheck = 1240;
				TargetAttributes = {
					2349FD56261E4F6900A1FEAA = {
						CreatedOnToolsVersion = 12.4;
					};
					2349FD67261E4F6A00A1FEAA = {
						CreatedOnToolsVersion = 12.4;
						TestTargetID = 2349FD56261E4F6900A1FEAA;
					};
					2349FD72261E4F6A00A1FEAA = {
						CreatedOnToolsVersion = 12.4;
						TestTargetID = 2349FD56261E4F6900A1FEAA;
					};
				};
			};
			buildConfigurationList = 2349FD52261E4F6900A1FEAA /* Build configuration list for PBXProject "CodingChallenge" */;
			compatibilityVersion = "Xcode 9.3";
			developmentRegion = en;
			hasScannedForEncodings = 0;
			knownRegions = (
				en,
				Base,
			);
			mainGroup = 2349FD4E261E4F6900A1FEAA;
			productRefGroup = 2349FD58261E4F6900A1FEAA /* Products */;
			projectDirPath = "";
			projectRoot = "";
			targets = (
				2349FD56261E4F6900A1FEAA /* CodingChallenge */,
				2349FD67261E4F6A00A1FEAA /* CodingChallengeTests */,
				2349FD72261E4F6A00A1FEAA /* CodingChallengeUITests */,
			);
		};
/* End PBXProject section */

/* Begin PBXResourcesBuildPhase section */
		2349FD55261E4F6900A1FEAA /* Resources */ = {
			isa = PBXResourcesBuildPhase;
			buildActionMask = 2147483647;
			files = (
				2349FD62261E4F6A00A1FEAA /* Preview Assets.xcassets in Resources */,
				2349FD5F261E4F6A00A1FEAA /* Assets.xcassets in Resources */,
			);
			runOnlyForDeploymentPostprocessing = 0;
		};
		2349FD66261E4F6A00A1FEAA /* Resources */ = {
			isa = PBXResourcesBuildPhase;
			buildActionMask = 2147483647;
			files = (
			);
			runOnlyForDeploymentPostprocessing = 0;
		};
		2349FD71261E4F6A00A1FEAA /* Resources */ = {
			isa = PBXResourcesBuildPhase;
			buildActionMask = 2147483647;
			files = (
			);
			runOnlyForDeploymentPostprocessing = 0;
		};
/* End PBXResourcesBuildPhase section */

/* Begin PBXSourcesBuildPhase section */
		2349FD53261E4F6900A1FEAA /* Sources */ = {
			isa = PBXSourcesBuildPhase;
			buildActionMask = 2147483647;
			files = (
				9C4486F827AA11370098A0B0 /* AvailableShiftFilter.swift in Sources */,
				9C44871027AA19650098A0B0 /* AvailableShiftsResponse.swift in Sources */,
				9C4486F327A8B3660098A0B0 /* ShiftDescriptionRow.swift in Sources */,
				9C44871227AA19810098A0B0 /* AvailableShiftsDay.swift in Sources */,
				9C44871627AA19AE0098A0B0 /* AvailableShift.swift in Sources */,
				9C4486FD27AA11960098A0B0 /* String+Ext.swift in Sources */,
				9C4486FB27AA117E0098A0B0 /* Date+Ext.swift in Sources */,
				9C4486EF27A8A69D0098A0B0 /* ShiftDetailsView.swift in Sources */,
				9C4486DC27A5DEDF0098A0B0 /* NetworkManager.swift in Sources */,
				9C4486E727A888B30098A0B0 /* ShiftListHeaderView.swift in Sources */,
				9C44871827AA19EE0098A0B0 /* Color+Ext.swift in Sources */,
				9C4486E927A8899F0098A0B0 /* NoAvailableShiftsView.swift in Sources */,
				9C4486E527A758630098A0B0 /* ShiftsListCell.swift in Sources */,
				9C4486F527A8C0A20098A0B0 /* MapView.swift in Sources */,
				2349FD89261E4F9900A1FEAA /* ShiftsView.swift in Sources */,
				9C44870527AA18390098A0B0 /* Request.swift in Sources */,
				9C44870227AA17F00098A0B0 /* ShiftType.swift in Sources */,
				9C44871A27AA1A210098A0B0 /* Blur.swift in Sources */,
				9C44870727AA185F0098A0B0 /* AvailableShiftsRequest.swift in Sources */,
				9C44870927AA187B0098A0B0 /* NetworkError.swift in Sources */,
				9C44871C27AA1A820098A0B0 /* Counter.swift in Sources */,
				9C44870D27AA193A0098A0B0 /* Response.swift in Sources */,
				9C4486DE27A5E2830098A0B0 /* DataProvider.swift in Sources */,
				9C44871427AA199A0098A0B0 /* AvailableShiftsMeta.swift in Sources */,
				9C4486EB27A88AAE0098A0B0 /* FetchingInProgressView.swift in Sources */,
				2349FD5B261E4F6900A1FEAA /* CodingChallengeApp.swift in Sources */,
			);
			runOnlyForDeploymentPostprocessing = 0;
		};
		2349FD64261E4F6A00A1FEAA /* Sources */ = {
			isa = PBXSourcesBuildPhase;
			buildActionMask = 2147483647;
			files = (
				2349FD6D261E4F6A00A1FEAA /* CodingChallengeTests.swift in Sources */,
			);
			runOnlyForDeploymentPostprocessing = 0;
		};
		2349FD6F261E4F6A00A1FEAA /* Sources */ = {
			isa = PBXSourcesBuildPhase;
			buildActionMask = 2147483647;
			files = (
				2349FD78261E4F6A00A1FEAA /* CodingChallengeUITests.swift in Sources */,
			);
			runOnlyForDeploymentPostprocessing = 0;
		};
/* End PBXSourcesBuildPhase section */

/* Begin PBXTargetDependency section */
		2349FD6A261E4F6A00A1FEAA /* PBXTargetDependency */ = {
			isa = PBXTargetDependency;
			target = 2349FD56261E4F6900A1FEAA /* CodingChallenge */;
			targetProxy = 2349FD69261E4F6A00A1FEAA /* PBXContainerItemProxy */;
		};
		2349FD75261E4F6A00A1FEAA /* PBXTargetDependency */ = {
			isa = PBXTargetDependency;
			target = 2349FD56261E4F6900A1FEAA /* CodingChallenge */;
			targetProxy = 2349FD74261E4F6A00A1FEAA /* PBXContainerItemProxy */;
		};
/* End PBXTargetDependency section */

/* Begin XCBuildConfiguration section */
		2349FD7A261E4F6A00A1FEAA /* Debug */ = {
			isa = XCBuildConfiguration;
			buildSettings = {
				ALWAYS_SEARCH_USER_PATHS = NO;
				CLANG_ANALYZER_NONNULL = YES;
				CLANG_ANALYZER_NUMBER_OBJECT_CONVERSION = YES_AGGRESSIVE;
				CLANG_CXX_LANGUAGE_STANDARD = "gnu++14";
				CLANG_CXX_LIBRARY = "libc++";
				CLANG_ENABLE_MODULES = YES;
				CLANG_ENABLE_OBJC_ARC = YES;
				CLANG_ENABLE_OBJC_WEAK = YES;
				CLANG_WARN_BLOCK_CAPTURE_AUTORELEASING = YES;
				CLANG_WARN_BOOL_CONVERSION = YES;
				CLANG_WARN_COMMA = YES;
				CLANG_WARN_CONSTANT_CONVERSION = YES;
				CLANG_WARN_DEPRECATED_OBJC_IMPLEMENTATIONS = YES;
				CLANG_WARN_DIRECT_OBJC_ISA_USAGE = YES_ERROR;
				CLANG_WARN_DOCUMENTATION_COMMENTS = YES;
				CLANG_WARN_EMPTY_BODY = YES;
				CLANG_WARN_ENUM_CONVERSION = YES;
				CLANG_WARN_INFINITE_RECURSION = YES;
				CLANG_WARN_INT_CONVERSION = YES;
				CLANG_WARN_NON_LITERAL_NULL_CONVERSION = YES;
				CLANG_WARN_OBJC_IMPLICIT_RETAIN_SELF = YES;
				CLANG_WARN_OBJC_LITERAL_CONVERSION = YES;
				CLANG_WARN_OBJC_ROOT_CLASS = YES_ERROR;
				CLANG_WARN_QUOTED_INCLUDE_IN_FRAMEWORK_HEADER = YES;
				CLANG_WARN_RANGE_LOOP_ANALYSIS = YES;
				CLANG_WARN_STRICT_PROTOTYPES = YES;
				CLANG_WARN_SUSPICIOUS_MOVE = YES;
				CLANG_WARN_UNGUARDED_AVAILABILITY = YES_AGGRESSIVE;
				CLANG_WARN_UNREACHABLE_CODE = YES;
				CLANG_WARN__DUPLICATE_METHOD_MATCH = YES;
				COPY_PHASE_STRIP = NO;
				DEBUG_INFORMATION_FORMAT = dwarf;
				ENABLE_STRICT_OBJC_MSGSEND = YES;
				ENABLE_TESTABILITY = YES;
				GCC_C_LANGUAGE_STANDARD = gnu11;
				GCC_DYNAMIC_NO_PIC = NO;
				GCC_NO_COMMON_BLOCKS = YES;
				GCC_OPTIMIZATION_LEVEL = 0;
				GCC_PREPROCESSOR_DEFINITIONS = (
					"DEBUG=1",
					"$(inherited)",
				);
				GCC_WARN_64_TO_32_BIT_CONVERSION = YES;
				GCC_WARN_ABOUT_RETURN_TYPE = YES_ERROR;
				GCC_WARN_UNDECLARED_SELECTOR = YES;
				GCC_WARN_UNINITIALIZED_AUTOS = YES_AGGRESSIVE;
				GCC_WARN_UNUSED_FUNCTION = YES;
				GCC_WARN_UNUSED_VARIABLE = YES;
				IPHONEOS_DEPLOYMENT_TARGET = 14.0;
				MTL_ENABLE_DEBUG_INFO = INCLUDE_SOURCE;
				MTL_FAST_MATH = YES;
				ONLY_ACTIVE_ARCH = YES;
				SDKROOT = iphoneos;
				SWIFT_ACTIVE_COMPILATION_CONDITIONS = DEBUG;
				SWIFT_OPTIMIZATION_LEVEL = "-Onone";
			};
			name = Debug;
		};
		2349FD7B261E4F6A00A1FEAA /* Release */ = {
			isa = XCBuildConfiguration;
			buildSettings = {
				ALWAYS_SEARCH_USER_PATHS = NO;
				CLANG_ANALYZER_NONNULL = YES;
				CLANG_ANALYZER_NUMBER_OBJECT_CONVERSION = YES_AGGRESSIVE;
				CLANG_CXX_LANGUAGE_STANDARD = "gnu++14";
				CLANG_CXX_LIBRARY = "libc++";
				CLANG_ENABLE_MODULES = YES;
				CLANG_ENABLE_OBJC_ARC = YES;
				CLANG_ENABLE_OBJC_WEAK = YES;
				CLANG_WARN_BLOCK_CAPTURE_AUTORELEASING = YES;
				CLANG_WARN_BOOL_CONVERSION = YES;
				CLANG_WARN_COMMA = YES;
				CLANG_WARN_CONSTANT_CONVERSION = YES;
				CLANG_WARN_DEPRECATED_OBJC_IMPLEMENTATIONS = YES;
				CLANG_WARN_DIRECT_OBJC_ISA_USAGE = YES_ERROR;
				CLANG_WARN_DOCUMENTATION_COMMENTS = YES;
				CLANG_WARN_EMPTY_BODY = YES;
				CLANG_WARN_ENUM_CONVERSION = YES;
				CLANG_WARN_INFINITE_RECURSION = YES;
				CLANG_WARN_INT_CONVERSION = YES;
				CLANG_WARN_NON_LITERAL_NULL_CONVERSION = YES;
				CLANG_WARN_OBJC_IMPLICIT_RETAIN_SELF = YES;
				CLANG_WARN_OBJC_LITERAL_CONVERSION = YES;
				CLANG_WARN_OBJC_ROOT_CLASS = YES_ERROR;
				CLANG_WARN_QUOTED_INCLUDE_IN_FRAMEWORK_HEADER = YES;
				CLANG_WARN_RANGE_LOOP_ANALYSIS = YES;
				CLANG_WARN_STRICT_PROTOTYPES = YES;
				CLANG_WARN_SUSPICIOUS_MOVE = YES;
				CLANG_WARN_UNGUARDED_AVAILABILITY = YES_AGGRESSIVE;
				CLANG_WARN_UNREACHABLE_CODE = YES;
				CLANG_WARN__DUPLICATE_METHOD_MATCH = YES;
				COPY_PHASE_STRIP = NO;
				DEBUG_INFORMATION_FORMAT = "dwarf-with-dsym";
				ENABLE_NS_ASSERTIONS = NO;
				ENABLE_STRICT_OBJC_MSGSEND = YES;
				GCC_C_LANGUAGE_STANDARD = gnu11;
				GCC_NO_COMMON_BLOCKS = YES;
				GCC_WARN_64_TO_32_BIT_CONVERSION = YES;
				GCC_WARN_ABOUT_RETURN_TYPE = YES_ERROR;
				GCC_WARN_UNDECLARED_SELECTOR = YES;
				GCC_WARN_UNINITIALIZED_AUTOS = YES_AGGRESSIVE;
				GCC_WARN_UNUSED_FUNCTION = YES;
				GCC_WARN_UNUSED_VARIABLE = YES;
				IPHONEOS_DEPLOYMENT_TARGET = 14.0;
				MTL_ENABLE_DEBUG_INFO = NO;
				MTL_FAST_MATH = YES;
				SDKROOT = iphoneos;
				SWIFT_COMPILATION_MODE = wholemodule;
				SWIFT_OPTIMIZATION_LEVEL = "-O";
				VALIDATE_PRODUCT = YES;
			};
			name = Release;
		};
		2349FD7D261E4F6A00A1FEAA /* Debug */ = {
			isa = XCBuildConfiguration;
			buildSettings = {
				ASSETCATALOG_COMPILER_APPICON_NAME = AppIcon;
				ASSETCATALOG_COMPILER_GLOBAL_ACCENT_COLOR_NAME = AccentColor;
				CODE_SIGN_STYLE = Automatic;
				DEVELOPMENT_ASSET_PATHS = "\"CodingChallenge/Preview Content\"";
				DEVELOPMENT_TEAM = "";
				ENABLE_PREVIEWS = YES;
				INFOPLIST_FILE = CodingChallenge/Info.plist;
				IPHONEOS_DEPLOYMENT_TARGET = 14.0;
				LD_RUNPATH_SEARCH_PATHS = (
					"$(inherited)",
					"@executable_path/Frameworks",
				);
				PRODUCT_BUNDLE_IDENTIFIER = shiftkey.CodingChallenge;
				PRODUCT_NAME = "$(TARGET_NAME)";
				SWIFT_VERSION = 5.0;
				TARGETED_DEVICE_FAMILY = "1,2";
			};
			name = Debug;
		};
		2349FD7E261E4F6A00A1FEAA /* Release */ = {
			isa = XCBuildConfiguration;
			buildSettings = {
				ASSETCATALOG_COMPILER_APPICON_NAME = AppIcon;
				ASSETCATALOG_COMPILER_GLOBAL_ACCENT_COLOR_NAME = AccentColor;
				CODE_SIGN_STYLE = Automatic;
				DEVELOPMENT_ASSET_PATHS = "\"CodingChallenge/Preview Content\"";
				DEVELOPMENT_TEAM = "";
				ENABLE_PREVIEWS = YES;
				INFOPLIST_FILE = CodingChallenge/Info.plist;
				IPHONEOS_DEPLOYMENT_TARGET = 14.0;
				LD_RUNPATH_SEARCH_PATHS = (
					"$(inherited)",
					"@executable_path/Frameworks",
				);
				PRODUCT_BUNDLE_IDENTIFIER = shiftkey.CodingChallenge;
				PRODUCT_NAME = "$(TARGET_NAME)";
				SWIFT_VERSION = 5.0;
				TARGETED_DEVICE_FAMILY = "1,2";
			};
			name = Release;
		};
		2349FD80261E4F6A00A1FEAA /* Debug */ = {
			isa = XCBuildConfiguration;
			buildSettings = {
				ALWAYS_EMBED_SWIFT_STANDARD_LIBRARIES = YES;
				BUNDLE_LOADER = "$(TEST_HOST)";
				CODE_SIGN_STYLE = Automatic;
				DEVELOPMENT_TEAM = 7HRU3V63R2;
				INFOPLIST_FILE = CodingChallengeTests/Info.plist;
				IPHONEOS_DEPLOYMENT_TARGET = 14.0;
				LD_RUNPATH_SEARCH_PATHS = (
					"$(inherited)",
					"@executable_path/Frameworks",
					"@loader_path/Frameworks",
				);
				PRODUCT_BUNDLE_IDENTIFIER = shiftkey.CodingChallengeTests;
				PRODUCT_NAME = "$(TARGET_NAME)";
				SWIFT_VERSION = 5.0;
				TARGETED_DEVICE_FAMILY = "1,2";
				TEST_HOST = "$(BUILT_PRODUCTS_DIR)/CodingChallenge.app/CodingChallenge";
			};
			name = Debug;
		};
		2349FD81261E4F6A00A1FEAA /* Release */ = {
			isa = XCBuildConfiguration;
			buildSettings = {
				ALWAYS_EMBED_SWIFT_STANDARD_LIBRARIES = YES;
				BUNDLE_LOADER = "$(TEST_HOST)";
				CODE_SIGN_STYLE = Automatic;
				DEVELOPMENT_TEAM = 7HRU3V63R2;
				INFOPLIST_FILE = CodingChallengeTests/Info.plist;
				IPHONEOS_DEPLOYMENT_TARGET = 14.0;
				LD_RUNPATH_SEARCH_PATHS = (
					"$(inherited)",
					"@executable_path/Frameworks",
					"@loader_path/Frameworks",
				);
				PRODUCT_BUNDLE_IDENTIFIER = shiftkey.CodingChallengeTests;
				PRODUCT_NAME = "$(TARGET_NAME)";
				SWIFT_VERSION = 5.0;
				TARGETED_DEVICE_FAMILY = "1,2";
				TEST_HOST = "$(BUILT_PRODUCTS_DIR)/CodingChallenge.app/CodingChallenge";
			};
			name = Release;
		};
		2349FD83261E4F6A00A1FEAA /* Debug */ = {
			isa = XCBuildConfiguration;
			buildSettings = {
				ALWAYS_EMBED_SWIFT_STANDARD_LIBRARIES = YES;
				CODE_SIGN_STYLE = Automatic;
				DEVELOPMENT_TEAM = 7HRU3V63R2;
				INFOPLIST_FILE = CodingChallengeUITests/Info.plist;
				LD_RUNPATH_SEARCH_PATHS = (
					"$(inherited)",
					"@executable_path/Frameworks",
					"@loader_path/Frameworks",
				);
				PRODUCT_BUNDLE_IDENTIFIER = shiftkey.CodingChallengeUITests;
				PRODUCT_NAME = "$(TARGET_NAME)";
				SWIFT_VERSION = 5.0;
				TARGETED_DEVICE_FAMILY = "1,2";
				TEST_TARGET_NAME = CodingChallenge;
			};
			name = Debug;
		};
		2349FD84261E4F6A00A1FEAA /* Release */ = {
			isa = XCBuildConfiguration;
			buildSettings = {
				ALWAYS_EMBED_SWIFT_STANDARD_LIBRARIES = YES;
				CODE_SIGN_STYLE = Automatic;
				DEVELOPMENT_TEAM = 7HRU3V63R2;
				INFOPLIST_FILE = CodingChallengeUITests/Info.plist;
				LD_RUNPATH_SEARCH_PATHS = (
					"$(inherited)",
					"@executable_path/Frameworks",
					"@loader_path/Frameworks",
				);
				PRODUCT_BUNDLE_IDENTIFIER = shiftkey.CodingChallengeUITests;
				PRODUCT_NAME = "$(TARGET_NAME)";
				SWIFT_VERSION = 5.0;
				TARGETED_DEVICE_FAMILY = "1,2";
				TEST_TARGET_NAME = CodingChallenge;
			};
			name = Release;
		};
/* End XCBuildConfiguration section */

/* Begin XCConfigurationList section */
		2349FD52261E4F6900A1FEAA /* Build configuration list for PBXProject "CodingChallenge" */ = {
			isa = XCConfigurationList;
			buildConfigurations = (
				2349FD7A261E4F6A00A1FEAA /* Debug */,
				2349FD7B261E4F6A00A1FEAA /* Release */,
			);
			defaultConfigurationIsVisible = 0;
			defaultConfigurationName = Release;
		};
		2349FD7C261E4F6A00A1FEAA /* Build configuration list for PBXNativeTarget "CodingChallenge" */ = {
			isa = XCConfigurationList;
			buildConfigurations = (
				2349FD7D261E4F6A00A1FEAA /* Debug */,
				2349FD7E261E4F6A00A1FEAA /* Release */,
			);
			defaultConfigurationIsVisible = 0;
			defaultConfigurationName = Release;
		};
		2349FD7F261E4F6A00A1FEAA /* Build configuration list for PBXNativeTarget "CodingChallengeTests" */ = {
			isa = XCConfigurationList;
			buildConfigurations = (
				2349FD80261E4F6A00A1FEAA /* Debug */,
				2349FD81261E4F6A00A1FEAA /* Release */,
			);
			defaultConfigurationIsVisible = 0;
			defaultConfigurationName = Release;
		};
		2349FD82261E4F6A00A1FEAA /* Build configuration list for PBXNativeTarget "CodingChallengeUITests" */ = {
			isa = XCConfigurationList;
			buildConfigurations = (
				2349FD83261E4F6A00A1FEAA /* Debug */,
				2349FD84261E4F6A00A1FEAA /* Release */,
			);
			defaultConfigurationIsVisible = 0;
			defaultConfigurationName = Release;
		};
/* End XCConfigurationList section */
	};
	rootObject = 2349FD4F261E4F6900A1FEAA /* Project object */;
}
